// !$*UTF8*$!
{
	archiveVersion = 1;
	classes = {
	};
	objectVersion = 51;
	objects = {

/* Begin PBXBuildFile section */
		75C8C378B6B89B1EAF7A8BBB /* Pods_iOSSwift.framework in Frameworks */ = {isa = PBXBuildFile; fileRef = 7AA2AF680958EDE2AFFA1A9B /* Pods_iOSSwift.framework */; };
		7A50EE982616B3F900DC9E13 /* AppDelegate.swift in Sources */ = {isa = PBXBuildFile; fileRef = 7A50EE972616B3F900DC9E13 /* AppDelegate.swift */; };
		7A50EE9A2616B3FA00DC9E13 /* SceneDelegate.swift in Sources */ = {isa = PBXBuildFile; fileRef = 7A50EE992616B3FA00DC9E13 /* SceneDelegate.swift */; };
		7A50EE9C2616B3FA00DC9E13 /* BannerViewController.swift in Sources */ = {isa = PBXBuildFile; fileRef = 7A50EE9B2616B3FA00DC9E13 /* BannerViewController.swift */; };
		7A50EE9F2616B3FA00DC9E13 /* Main.storyboard in Resources */ = {isa = PBXBuildFile; fileRef = 7A50EE9D2616B3FA00DC9E13 /* Main.storyboard */; };
		7A50EEA12616B3FC00DC9E13 /* Assets.xcassets in Resources */ = {isa = PBXBuildFile; fileRef = 7A50EEA02616B3FC00DC9E13 /* Assets.xcassets */; };
		7A50EEA42616B3FC00DC9E13 /* LaunchScreen.storyboard in Resources */ = {isa = PBXBuildFile; fileRef = 7A50EEA22616B3FC00DC9E13 /* LaunchScreen.storyboard */; };
		7A55534D26D85952002CD471 /* NativeViewController.swift in Sources */ = {isa = PBXBuildFile; fileRef = 7A55534C26D85952002CD471 /* NativeViewController.swift */; };
		7A55534F26D8618B002CD471 /* ItemViewCell.swift in Sources */ = {isa = PBXBuildFile; fileRef = 7A55534E26D8618B002CD471 /* ItemViewCell.swift */; };
		7A55535126D86787002CD471 /* Item.swift in Sources */ = {isa = PBXBuildFile; fileRef = 7A55535026D86787002CD471 /* Item.swift */; };
		7A55535326D86F02002CD471 /* AdViewCell.xib in Resources */ = {isa = PBXBuildFile; fileRef = 7A55535226D86F02002CD471 /* AdViewCell.xib */; };
		7AB0E35426324632005BA522 /* InterstitialViewController.swift in Sources */ = {isa = PBXBuildFile; fileRef = 7AB0E35326324632005BA522 /* InterstitialViewController.swift */; };
		7AED6DDB2644BFD1004CA72D /* RewardedViewController.swift in Sources */ = {isa = PBXBuildFile; fileRef = 7AED6DDA2644BFD1004CA72D /* RewardedViewController.swift */; };
/* End PBXBuildFile section */

/* Begin PBXFileReference section */
		5912BC39175BE79878641CB7 /* Pods-iOSSwift.debug.xcconfig */ = {isa = PBXFileReference; includeInIndex = 1; lastKnownFileType = text.xcconfig; name = "Pods-iOSSwift.debug.xcconfig"; path = "Target Support Files/Pods-iOSSwift/Pods-iOSSwift.debug.xcconfig"; sourceTree = "<group>"; };
		7A50EE942616B3F900DC9E13 /* iOSSwift.app */ = {isa = PBXFileReference; explicitFileType = wrapper.application; includeInIndex = 0; path = iOSSwift.app; sourceTree = BUILT_PRODUCTS_DIR; };
		7A50EE972616B3F900DC9E13 /* AppDelegate.swift */ = {isa = PBXFileReference; lastKnownFileType = sourcecode.swift; path = AppDelegate.swift; sourceTree = "<group>"; };
		7A50EE992616B3FA00DC9E13 /* SceneDelegate.swift */ = {isa = PBXFileReference; lastKnownFileType = sourcecode.swift; path = SceneDelegate.swift; sourceTree = "<group>"; };
		7A50EE9B2616B3FA00DC9E13 /* BannerViewController.swift */ = {isa = PBXFileReference; lastKnownFileType = sourcecode.swift; path = BannerViewController.swift; sourceTree = "<group>"; };
		7A50EE9E2616B3FA00DC9E13 /* Base */ = {isa = PBXFileReference; lastKnownFileType = file.storyboard; name = Base; path = Base.lproj/Main.storyboard; sourceTree = "<group>"; };
		7A50EEA02616B3FC00DC9E13 /* Assets.xcassets */ = {isa = PBXFileReference; lastKnownFileType = folder.assetcatalog; path = Assets.xcassets; sourceTree = "<group>"; };
		7A50EEA32616B3FC00DC9E13 /* Base */ = {isa = PBXFileReference; lastKnownFileType = file.storyboard; name = Base; path = Base.lproj/LaunchScreen.storyboard; sourceTree = "<group>"; };
		7A50EEA52616B3FC00DC9E13 /* Info.plist */ = {isa = PBXFileReference; lastKnownFileType = text.plist.xml; path = Info.plist; sourceTree = "<group>"; };
		7A55534C26D85952002CD471 /* NativeViewController.swift */ = {isa = PBXFileReference; lastKnownFileType = sourcecode.swift; path = NativeViewController.swift; sourceTree = "<group>"; };
		7A55534E26D8618B002CD471 /* ItemViewCell.swift */ = {isa = PBXFileReference; lastKnownFileType = sourcecode.swift; path = ItemViewCell.swift; sourceTree = "<group>"; };
		7A55535026D86787002CD471 /* Item.swift */ = {isa = PBXFileReference; lastKnownFileType = sourcecode.swift; path = Item.swift; sourceTree = "<group>"; };
		7A55535226D86F02002CD471 /* AdViewCell.xib */ = {isa = PBXFileReference; lastKnownFileType = file.xib; path = AdViewCell.xib; sourceTree = "<group>"; };
		7AA2AF680958EDE2AFFA1A9B /* Pods_iOSSwift.framework */ = {isa = PBXFileReference; explicitFileType = wrapper.framework; includeInIndex = 0; path = Pods_iOSSwift.framework; sourceTree = BUILT_PRODUCTS_DIR; };
		7AB0E35326324632005BA522 /* InterstitialViewController.swift */ = {isa = PBXFileReference; lastKnownFileType = sourcecode.swift; path = InterstitialViewController.swift; sourceTree = "<group>"; };
		7AED6DDA2644BFD1004CA72D /* RewardedViewController.swift */ = {isa = PBXFileReference; lastKnownFileType = sourcecode.swift; path = RewardedViewController.swift; sourceTree = "<group>"; };
		83DC6633884044ED087C035E /* Pods-iOSSwift.release.xcconfig */ = {isa = PBXFileReference; includeInIndex = 1; lastKnownFileType = text.xcconfig; name = "Pods-iOSSwift.release.xcconfig"; path = "Target Support Files/Pods-iOSSwift/Pods-iOSSwift.release.xcconfig"; sourceTree = "<group>"; };
/* End PBXFileReference section */

/* Begin PBXFrameworksBuildPhase section */
		7A50EE912616B3F900DC9E13 /* Frameworks */ = {
			isa = PBXFrameworksBuildPhase;
			buildActionMask = 2147483647;
			files = (
				75C8C378B6B89B1EAF7A8BBB /* Pods_iOSSwift.framework in Frameworks */,
			);
			runOnlyForDeploymentPostprocessing = 0;
		};
/* End PBXFrameworksBuildPhase section */

/* Begin PBXGroup section */
		7A50EE8B2616B3F900DC9E13 = {
			isa = PBXGroup;
			children = (
				7A50EE962616B3F900DC9E13 /* iOSSwift */,
				7A50EE952616B3F900DC9E13 /* Products */,
				B16C1F4613F4F3A69939196D /* Pods */,
				9EEF6AA036D7C398BCDFFCB1 /* Frameworks */,
			);
			sourceTree = "<group>";
		};
		7A50EE952616B3F900DC9E13 /* Products */ = {
			isa = PBXGroup;
			children = (
				7A50EE942616B3F900DC9E13 /* iOSSwift.app */,
			);
			name = Products;
			sourceTree = "<group>";
		};
		7A50EE962616B3F900DC9E13 /* iOSSwift */ = {
			isa = PBXGroup;
			children = (
				7A50EE972616B3F900DC9E13 /* AppDelegate.swift */,
				7A50EE992616B3FA00DC9E13 /* SceneDelegate.swift */,
				7A50EE9B2616B3FA00DC9E13 /* BannerViewController.swift */,
				7A50EE9D2616B3FA00DC9E13 /* Main.storyboard */,
				7A50EEA02616B3FC00DC9E13 /* Assets.xcassets */,
				7A50EEA22616B3FC00DC9E13 /* LaunchScreen.storyboard */,
				7A50EEA52616B3FC00DC9E13 /* Info.plist */,
				7AB0E35326324632005BA522 /* InterstitialViewController.swift */,
				7AED6DDA2644BFD1004CA72D /* RewardedViewController.swift */,
				7A55534C26D85952002CD471 /* NativeViewController.swift */,
				7A55534E26D8618B002CD471 /* ItemViewCell.swift */,
				7A55535026D86787002CD471 /* Item.swift */,
				7A55535226D86F02002CD471 /* AdViewCell.xib */,
			);
			path = iOSSwift;
			sourceTree = "<group>";
		};
		9EEF6AA036D7C398BCDFFCB1 /* Frameworks */ = {
			isa = PBXGroup;
			children = (
				7AA2AF680958EDE2AFFA1A9B /* Pods_iOSSwift.framework */,
			);
			name = Frameworks;
			sourceTree = "<group>";
		};
		B16C1F4613F4F3A69939196D /* Pods */ = {
			isa = PBXGroup;
			children = (
				5912BC39175BE79878641CB7 /* Pods-iOSSwift.debug.xcconfig */,
				83DC6633884044ED087C035E /* Pods-iOSSwift.release.xcconfig */,
			);
			path = Pods;
			sourceTree = "<group>";
		};
/* End PBXGroup section */

/* Begin PBXNativeTarget section */
		7A50EE932616B3F900DC9E13 /* iOSSwift */ = {
			isa = PBXNativeTarget;
			buildConfigurationList = 7A50EEA82616B3FC00DC9E13 /* Build configuration list for PBXNativeTarget "iOSSwift" */;
			buildPhases = (
				4B01CED39A80F3EAADE5BB4C /* [CP] Check Pods Manifest.lock */,
				7A50EE902616B3F900DC9E13 /* Sources */,
				7A50EE912616B3F900DC9E13 /* Frameworks */,
				7A50EE922616B3F900DC9E13 /* Resources */,
				088AB85F7D05C837CD2A1BB5 /* [CP] Embed Pods Frameworks */,
			);
			buildRules = (
			);
			dependencies = (
			);
			name = iOSSwift;
			productName = iOSSwift;
			productReference = 7A50EE942616B3F900DC9E13 /* iOSSwift.app */;
			productType = "com.apple.product-type.application";
		};
/* End PBXNativeTarget section */

/* Begin PBXProject section */
		7A50EE8C2616B3F900DC9E13 /* Project object */ = {
			isa = PBXProject;
			attributes = {
				LastSwiftUpdateCheck = 1240;
				LastUpgradeCheck = 1240;
				TargetAttributes = {
					7A50EE932616B3F900DC9E13 = {
						CreatedOnToolsVersion = 12.4;
					};
				};
			};
			buildConfigurationList = 7A50EE8F2616B3F900DC9E13 /* Build configuration list for PBXProject "iOSSwift" */;
			compatibilityVersion = "Xcode 9.3";
			developmentRegion = en;
			hasScannedForEncodings = 0;
			knownRegions = (
				en,
				Base,
			);
			mainGroup = 7A50EE8B2616B3F900DC9E13;
			productRefGroup = 7A50EE952616B3F900DC9E13 /* Products */;
			projectDirPath = "";
			projectRoot = "";
			targets = (
				7A50EE932616B3F900DC9E13 /* iOSSwift */,
			);
		};
/* End PBXProject section */

/* Begin PBXResourcesBuildPhase section */
		7A50EE922616B3F900DC9E13 /* Resources */ = {
			isa = PBXResourcesBuildPhase;
			buildActionMask = 2147483647;
			files = (
				7A50EEA42616B3FC00DC9E13 /* LaunchScreen.storyboard in Resources */,
				7A50EEA12616B3FC00DC9E13 /* Assets.xcassets in Resources */,
				7A50EE9F2616B3FA00DC9E13 /* Main.storyboard in Resources */,
				7A55535326D86F02002CD471 /* AdViewCell.xib in Resources */,
			);
			runOnlyForDeploymentPostprocessing = 0;
		};
/* End PBXResourcesBuildPhase section */

/* Begin PBXShellScriptBuildPhase section */
		088AB85F7D05C837CD2A1BB5 /* [CP] Embed Pods Frameworks */ = {
			isa = PBXShellScriptBuildPhase;
			buildActionMask = 2147483647;
			files = (
			);
			inputFileListPaths = (
				"${PODS_ROOT}/Target Support Files/Pods-iOSSwift/Pods-iOSSwift-frameworks-${CONFIGURATION}-input-files.xcfilelist",
			);
			name = "[CP] Embed Pods Frameworks";
			outputFileListPaths = (
				"${PODS_ROOT}/Target Support Files/Pods-iOSSwift/Pods-iOSSwift-frameworks-${CONFIGURATION}-output-files.xcfilelist",
			);
			runOnlyForDeploymentPostprocessing = 0;
			shellPath = /bin/sh;
			shellScript = "\"${PODS_ROOT}/Target Support Files/Pods-iOSSwift/Pods-iOSSwift-frameworks.sh\"\n";
			showEnvVarsInLog = 0;
		};
		4B01CED39A80F3EAADE5BB4C /* [CP] Check Pods Manifest.lock */ = {
			isa = PBXShellScriptBuildPhase;
			buildActionMask = 2147483647;
			files = (
			);
			inputFileListPaths = (
			);
			inputPaths = (
				"${PODS_PODFILE_DIR_PATH}/Podfile.lock",
				"${PODS_ROOT}/Manifest.lock",
			);
			name = "[CP] Check Pods Manifest.lock";
			outputFileListPaths = (
			);
			outputPaths = (
				"$(DERIVED_FILE_DIR)/Pods-iOSSwift-checkManifestLockResult.txt",
			);
			runOnlyForDeploymentPostprocessing = 0;
			shellPath = /bin/sh;
			shellScript = "diff \"${PODS_PODFILE_DIR_PATH}/Podfile.lock\" \"${PODS_ROOT}/Manifest.lock\" > /dev/null\nif [ $? != 0 ] ; then\n    # print error to STDERR\n    echo \"error: The sandbox is not in sync with the Podfile.lock. Run 'pod install' or update your CocoaPods installation.\" >&2\n    exit 1\nfi\n# This output is used by Xcode 'outputs' to avoid re-running this script phase.\necho \"SUCCESS\" > \"${SCRIPT_OUTPUT_FILE_0}\"\n";
			showEnvVarsInLog = 0;
		};
/* End PBXShellScriptBuildPhase section */

/* Begin PBXSourcesBuildPhase section */
		7A50EE902616B3F900DC9E13 /* Sources */ = {
			isa = PBXSourcesBuildPhase;
			buildActionMask = 2147483647;
			files = (
				7AB0E35426324632005BA522 /* InterstitialViewController.swift in Sources */,
				7A50EE9C2616B3FA00DC9E13 /* BannerViewController.swift in Sources */,
				7AED6DDB2644BFD1004CA72D /* RewardedViewController.swift in Sources */,
				7A55534D26D85952002CD471 /* NativeViewController.swift in Sources */,
				7A55535126D86787002CD471 /* Item.swift in Sources */,
				7A55534F26D8618B002CD471 /* ItemViewCell.swift in Sources */,
				7A50EE982616B3F900DC9E13 /* AppDelegate.swift in Sources */,
				7A50EE9A2616B3FA00DC9E13 /* SceneDelegate.swift in Sources */,
			);
			runOnlyForDeploymentPostprocessing = 0;
		};
/* End PBXSourcesBuildPhase section */

/* Begin PBXVariantGroup section */
		7A50EE9D2616B3FA00DC9E13 /* Main.storyboard */ = {
			isa = PBXVariantGroup;
			children = (
				7A50EE9E2616B3FA00DC9E13 /* Base */,
			);
			name = Main.storyboard;
			sourceTree = "<group>";
		};
		7A50EEA22616B3FC00DC9E13 /* LaunchScreen.storyboard */ = {
			isa = PBXVariantGroup;
			children = (
				7A50EEA32616B3FC00DC9E13 /* Base */,
			);
			name = LaunchScreen.storyboard;
			sourceTree = "<group>";
		};
/* End PBXVariantGroup section */

/* Begin XCBuildConfiguration section */
		7A50EEA62616B3FC00DC9E13 /* Debug */ = {
			isa = XCBuildConfiguration;
			buildSettings = {
				ALWAYS_SEARCH_USER_PATHS = NO;
				CLANG_ANALYZER_NONNULL = YES;
				CLANG_ANALYZER_NUMBER_OBJECT_CONVERSION = YES_AGGRESSIVE;
				CLANG_CXX_LANGUAGE_STANDARD = "gnu++14";
				CLANG_CXX_LIBRARY = "libc++";
				CLANG_ENABLE_MODULES = YES;
				CLANG_ENABLE_OBJC_ARC = YES;
				CLANG_ENABLE_OBJC_WEAK = YES;
				CLANG_WARN_BLOCK_CAPTURE_AUTORELEASING = YES;
				CLANG_WARN_BOOL_CONVERSION = YES;
				CLANG_WARN_COMMA = YES;
				CLANG_WARN_CONSTANT_CONVERSION = YES;
				CLANG_WARN_DEPRECATED_OBJC_IMPLEMENTATIONS = YES;
				CLANG_WARN_DIRECT_OBJC_ISA_USAGE = YES_ERROR;
				CLANG_WARN_DOCUMENTATION_COMMENTS = YES;
				CLANG_WARN_EMPTY_BODY = YES;
				CLANG_WARN_ENUM_CONVERSION = YES;
				CLANG_WARN_INFINITE_RECURSION = YES;
				CLANG_WARN_INT_CONVERSION = YES;
				CLANG_WARN_NON_LITERAL_NULL_CONVERSION = YES;
				CLANG_WARN_OBJC_IMPLICIT_RETAIN_SELF = YES;
				CLANG_WARN_OBJC_LITERAL_CONVERSION = YES;
				CLANG_WARN_OBJC_ROOT_CLASS = YES_ERROR;
				CLANG_WARN_QUOTED_INCLUDE_IN_FRAMEWORK_HEADER = YES;
				CLANG_WARN_RANGE_LOOP_ANALYSIS = YES;
				CLANG_WARN_STRICT_PROTOTYPES = YES;
				CLANG_WARN_SUSPICIOUS_MOVE = YES;
				CLANG_WARN_UNGUARDED_AVAILABILITY = YES_AGGRESSIVE;
				CLANG_WARN_UNREACHABLE_CODE = YES;
				CLANG_WARN__DUPLICATE_METHOD_MATCH = YES;
				COPY_PHASE_STRIP = NO;
				DEBUG_INFORMATION_FORMAT = dwarf;
				ENABLE_STRICT_OBJC_MSGSEND = YES;
				ENABLE_TESTABILITY = YES;
				GCC_C_LANGUAGE_STANDARD = gnu11;
				GCC_DYNAMIC_NO_PIC = NO;
				GCC_NO_COMMON_BLOCKS = YES;
				GCC_OPTIMIZATION_LEVEL = 0;
				GCC_PREPROCESSOR_DEFINITIONS = (
					"DEBUG=1",
					"$(inherited)",
				);
				GCC_WARN_64_TO_32_BIT_CONVERSION = YES;
				GCC_WARN_ABOUT_RETURN_TYPE = YES_ERROR;
				GCC_WARN_UNDECLARED_SELECTOR = YES;
				GCC_WARN_UNINITIALIZED_AUTOS = YES_AGGRESSIVE;
				GCC_WARN_UNUSED_FUNCTION = YES;
				GCC_WARN_UNUSED_VARIABLE = YES;
				IPHONEOS_DEPLOYMENT_TARGET = 14.4;
				MTL_ENABLE_DEBUG_INFO = INCLUDE_SOURCE;
				MTL_FAST_MATH = YES;
				ONLY_ACTIVE_ARCH = YES;
				SDKROOT = iphoneos;
				SWIFT_ACTIVE_COMPILATION_CONDITIONS = DEBUG;
				SWIFT_OPTIMIZATION_LEVEL = "-Onone";
			};
			name = Debug;
		};
		7A50EEA72616B3FC00DC9E13 /* Release */ = {
			isa = XCBuildConfiguration;
			buildSettings = {
				ALWAYS_SEARCH_USER_PATHS = NO;
				CLANG_ANALYZER_NONNULL = YES;
				CLANG_ANALYZER_NUMBER_OBJECT_CONVERSION = YES_AGGRESSIVE;
				CLANG_CXX_LANGUAGE_STANDARD = "gnu++14";
				CLANG_CXX_LIBRARY = "libc++";
				CLANG_ENABLE_MODULES = YES;
				CLANG_ENABLE_OBJC_ARC = YES;
				CLANG_ENABLE_OBJC_WEAK = YES;
				CLANG_WARN_BLOCK_CAPTURE_AUTORELEASING = YES;
				CLANG_WARN_BOOL_CONVERSION = YES;
				CLANG_WARN_COMMA = YES;
				CLANG_WARN_CONSTANT_CONVERSION = YES;
				CLANG_WARN_DEPRECATED_OBJC_IMPLEMENTATIONS = YES;
				CLANG_WARN_DIRECT_OBJC_ISA_USAGE = YES_ERROR;
				CLANG_WARN_DOCUMENTATION_COMMENTS = YES;
				CLANG_WARN_EMPTY_BODY = YES;
				CLANG_WARN_ENUM_CONVERSION = YES;
				CLANG_WARN_INFINITE_RECURSION = YES;
				CLANG_WARN_INT_CONVERSION = YES;
				CLANG_WARN_NON_LITERAL_NULL_CONVERSION = YES;
				CLANG_WARN_OBJC_IMPLICIT_RETAIN_SELF = YES;
				CLANG_WARN_OBJC_LITERAL_CONVERSION = YES;
				CLANG_WARN_OBJC_ROOT_CLASS = YES_ERROR;
				CLANG_WARN_QUOTED_INCLUDE_IN_FRAMEWORK_HEADER = YES;
				CLANG_WARN_RANGE_LOOP_ANALYSIS = YES;
				CLANG_WARN_STRICT_PROTOTYPES = YES;
				CLANG_WARN_SUSPICIOUS_MOVE = YES;
				CLANG_WARN_UNGUARDED_AVAILABILITY = YES_AGGRESSIVE;
				CLANG_WARN_UNREACHABLE_CODE = YES;
				CLANG_WARN__DUPLICATE_METHOD_MATCH = YES;
				COPY_PHASE_STRIP = NO;
				DEBUG_INFORMATION_FORMAT = "dwarf-with-dsym";
				ENABLE_NS_ASSERTIONS = NO;
				ENABLE_STRICT_OBJC_MSGSEND = YES;
				GCC_C_LANGUAGE_STANDARD = gnu11;
				GCC_NO_COMMON_BLOCKS = YES;
				GCC_WARN_64_TO_32_BIT_CONVERSION = YES;
				GCC_WARN_ABOUT_RETURN_TYPE = YES_ERROR;
				GCC_WARN_UNDECLARED_SELECTOR = YES;
				GCC_WARN_UNINITIALIZED_AUTOS = YES_AGGRESSIVE;
				GCC_WARN_UNUSED_FUNCTION = YES;
				GCC_WARN_UNUSED_VARIABLE = YES;
				IPHONEOS_DEPLOYMENT_TARGET = 14.4;
				MTL_ENABLE_DEBUG_INFO = NO;
				MTL_FAST_MATH = YES;
				SDKROOT = iphoneos;
				SWIFT_COMPILATION_MODE = wholemodule;
				SWIFT_OPTIMIZATION_LEVEL = "-O";
				VALIDATE_PRODUCT = YES;
			};
			name = Release;
		};
		7A50EEA92616B3FC00DC9E13 /* Debug */ = {
			isa = XCBuildConfiguration;
			baseConfigurationReference = 5912BC39175BE79878641CB7 /* Pods-iOSSwift.debug.xcconfig */;
			buildSettings = {
				ASSETCATALOG_COMPILER_APPICON_NAME = AppIcon;
				ASSETCATALOG_COMPILER_GLOBAL_ACCENT_COLOR_NAME = AccentColor;
				CODE_SIGN_STYLE = Automatic;
				INFOPLIST_FILE = iOSSwift/Info.plist;
				LD_RUNPATH_SEARCH_PATHS = (
					"$(inherited)",
					"@executable_path/Frameworks",
				);
				OTHER_LDFLAGS = (
					"$(inherited)",
					"-l\"c++\"",
					"-l\"sqlite3\"",
					"-l\"z\"",
					"-framework",
					"\"AVFoundation\"",
					"-framework",
					"\"AudioToolbox\"",
					"-framework",
					"\"CFNetwork\"",
					"-framework",
					"\"CoreGraphics\"",
					"-framework",
					"\"CoreMedia\"",
					"-framework",
					"\"CoreTelephony\"",
					"-framework",
					"\"CoreVideo\"",
					"-framework",
					"\"FBLPromises\"",
					"-framework",
					"\"GoogleAppMeasurement\"",
					"-framework",
					"\"GoogleMobileAds\"",
					"-framework",
					"\"GoogleUtilities\"",
					"-framework",
					"\"MediaPlayer\"",
					"-framework",
					"\"MessageUI\"",
					"-framework",
					"\"MobileCoreServices\"",
					"-framework",
					"\"QuartzCore\"",
					"-framework",
					"\"Security\"",
					"-framework",
					"\"StoreKit\"",
					"-framework",
					"\"SystemConfiguration\"",
					"-framework",
					"\"UserMessagingPlatform\"",
					"-framework",
					"\"WebKit\"",
					"-framework",
					"\"nanopb\"",
					"-weak_framework",
					"\"AdSupport\"",
					"-weak_framework",
					"\"JavaScriptCore\"",
					"-weak_framework",
					"\"SafariServices\"",
					"-weak_framework",
					"\"WebKit\"",
					"-ObjC",
				);
				PRODUCT_BUNDLE_IDENTIFIER = dev.ionixjunior.iOSSwift;
				PRODUCT_NAME = "$(TARGET_NAME)";
				SWIFT_VERSION = 5.0;
				TARGETED_DEVICE_FAMILY = "1,2";
			};
			name = Debug;
		};
		7A50EEAA2616B3FC00DC9E13 /* Release */ = {
			isa = XCBuildConfiguration;
			baseConfigurationReference = 83DC6633884044ED087C035E /* Pods-iOSSwift.release.xcconfig */;
			buildSettings = {
				ASSETCATALOG_COMPILER_APPICON_NAME = AppIcon;
				ASSETCATALOG_COMPILER_GLOBAL_ACCENT_COLOR_NAME = AccentColor;
				CODE_SIGN_STYLE = Automatic;
				INFOPLIST_FILE = iOSSwift/Info.plist;
				LD_RUNPATH_SEARCH_PATHS = (
					"$(inherited)",
					"@executable_path/Frameworks",
				);
				OTHER_LDFLAGS = (
					"$(inherited)",
					"-l\"c++\"",
					"-l\"sqlite3\"",
					"-l\"z\"",
					"-framework",
					"\"AVFoundation\"",
					"-framework",
					"\"AudioToolbox\"",
					"-framework",
					"\"CFNetwork\"",
					"-framework",
					"\"CoreGraphics\"",
					"-framework",
					"\"CoreMedia\"",
					"-framework",
					"\"CoreTelephony\"",
					"-framework",
					"\"CoreVideo\"",
					"-framework",
					"\"FBLPromises\"",
					"-framework",
					"\"GoogleAppMeasurement\"",
					"-framework",
					"\"GoogleMobileAds\"",
					"-framework",
					"\"GoogleUtilities\"",
					"-framework",
					"\"MediaPlayer\"",
					"-framework",
					"\"MessageUI\"",
					"-framework",
					"\"MobileCoreServices\"",
					"-framework",
					"\"QuartzCore\"",
					"-framework",
					"\"Security\"",
					"-framework",
					"\"StoreKit\"",
					"-framework",
					"\"SystemConfiguration\"",
					"-framework",
					"\"UserMessagingPlatform\"",
					"-framework",
					"\"WebKit\"",
					"-framework",
					"\"nanopb\"",
					"-weak_framework",
					"\"AdSupport\"",
					"-weak_framework",
					"\"JavaScriptCore\"",
					"-weak_framework",
					"\"SafariServices\"",
					"-weak_framework",
					"\"WebKit\"",
					"-ObjC",
				);
				PRODUCT_BUNDLE_IDENTIFIER = dev.ionixjunior.iOSSwift;
				PRODUCT_NAME = "$(TARGET_NAME)";
				SWIFT_VERSION = 5.0;
				TARGETED_DEVICE_FAMILY = "1,2";
			};
			name = Release;
		};
/* End XCBuildConfiguration section */

/* Begin XCConfigurationList section */
		7A50EE8F2616B3F900DC9E13 /* Build configuration list for PBXProject "iOSSwift" */ = {
			isa = XCConfigurationList;
			buildConfigurations = (
				7A50EEA62616B3FC00DC9E13 /* Debug */,
				7A50EEA72616B3FC00DC9E13 /* Release */,
			);
			defaultConfigurationIsVisible = 0;
			defaultConfigurationName = Release;
		};
		7A50EEA82616B3FC00DC9E13 /* Build configuration list for PBXNativeTarget "iOSSwift" */ = {
			isa = XCConfigurationList;
			buildConfigurations = (
				7A50EEA92616B3FC00DC9E13 /* Debug */,
				7A50EEAA2616B3FC00DC9E13 /* Release */,
			);
			defaultConfigurationIsVisible = 0;
			defaultConfigurationName = Release;
		};
/* End XCConfigurationList section */
	};
	rootObject = 7A50EE8C2616B3F900DC9E13 /* Project object */;
}
